// !$*UTF8*$!
{
	archiveVersion = 1;
	classes = {
	};
	objectVersion = 46;
	objects = {

/* Begin PBXBuildFile section */
		A6707D8C1E326AAD00974622 /* AppDelegate.swift in Sources */ = {isa = PBXBuildFile; fileRef = A6707D8B1E326AAD00974622 /* AppDelegate.swift */; };
		A6707D8E1E326AAD00974622 /* ViewController.swift in Sources */ = {isa = PBXBuildFile; fileRef = A6707D8D1E326AAD00974622 /* ViewController.swift */; };
		A6707D911E326AAD00974622 /* Main.storyboard in Resources */ = {isa = PBXBuildFile; fileRef = A6707D8F1E326AAD00974622 /* Main.storyboard */; };
		A6707D931E326AAE00974622 /* Assets.xcassets in Resources */ = {isa = PBXBuildFile; fileRef = A6707D921E326AAE00974622 /* Assets.xcassets */; };
		A6707D961E326AAE00974622 /* LaunchScreen.storyboard in Resources */ = {isa = PBXBuildFile; fileRef = A6707D941E326AAE00974622 /* LaunchScreen.storyboard */; };
/* End PBXBuildFile section */

/* Begin PBXFileReference section */
		A6707D881E326AAD00974622 /* MashList.app */ = {isa = PBXFileReference; explicitFileType = wrapper.application; includeInIndex = 0; path = MashList.app; sourceTree = BUILT_PRODUCTS_DIR; };
		A6707D8B1E326AAD00974622 /* AppDelegate.swift */ = {isa = PBXFileReference; lastKnownFileType = sourcecode.swift; path = AppDelegate.swift; sourceTree = "<group>"; };
		A6707D8D1E326AAD00974622 /* ViewController.swift */ = {isa = PBXFileReference; lastKnownFileType = sourcecode.swift; path = ViewController.swift; sourceTree = "<group>"; };
		A6707D901E326AAD00974622 /* Base */ = {isa = PBXFileReference; lastKnownFileType = file.storyboard; name = Base; path = Base.lproj/Main.storyboard; sourceTree = "<group>"; };
		A6707D921E326AAE00974622 /* Assets.xcassets */ = {isa = PBXFileReference; lastKnownFileType = folder.assetcatalog; path = Assets.xcassets; sourceTree = "<group>"; };
		A6707D951E326AAE00974622 /* Base */ = {isa = PBXFileReference; lastKnownFileType = file.storyboard; name = Base; path = Base.lproj/LaunchScreen.storyboard; sourceTree = "<group>"; };
		A6707D971E326AAE00974622 /* Info.plist */ = {isa = PBXFileReference; lastKnownFileType = text.plist.xml; path = Info.plist; sourceTree = "<group>"; };
/* End PBXFileReference section */

/* Begin PBXFrameworksBuildPhase section */
		A6707D851E326AAD00974622 /* Frameworks */ = {
			isa = PBXFrameworksBuildPhase;
			buildActionMask = 2147483647;
			files = (
			);
			runOnlyForDeploymentPostprocessing = 0;
		};
/* End PBXFrameworksBuildPhase section */

/* Begin PBXGroup section */
		A6707D7F1E326AAD00974622 = {
			isa = PBXGroup;
			children = (
				A6707D8A1E326AAD00974622 /* MashList */,
				A6707D891E326AAD00974622 /* Products */,
			);
			sourceTree = "<group>";
		};
		A6707D891E326AAD00974622 /* Products */ = {
			isa = PBXGroup;
			children = (
				A6707D881E326AAD00974622 /* MashList.app */,
			);
			name = Products;
			sourceTree = "<group>";
		};
		A6707D8A1E326AAD00974622 /* MashList */ = {
			isa = PBXGroup;
			children = (
				A6707D9D1E34D7E000974622 /* Model */,
				A6707D9E1E34D7E900974622 /* View */,
				A6707D9F1E34D7FB00974622 /* Controller */,
				A6707D8D1E326AAD00974622 /* ViewController.swift */,
				A6707D8B1E326AAD00974622 /* AppDelegate.swift */,
				A6707D8F1E326AAD00974622 /* Main.storyboard */,
				A6707D921E326AAE00974622 /* Assets.xcassets */,
				A6707D941E326AAE00974622 /* LaunchScreen.storyboard */,
				A6707D971E326AAE00974622 /* Info.plist */,
			);
			path = MashList;
			sourceTree = "<group>";
		};
		A6707D9D1E34D7E000974622 /* Model */ = {
			isa = PBXGroup;
			children = (
			);
			name = Model;
			sourceTree = "<group>";
		};
		A6707D9E1E34D7E900974622 /* View */ = {
			isa = PBXGroup;
			children = (
			);
			name = View;
			sourceTree = "<group>";
		};
		A6707D9F1E34D7FB00974622 /* Controller */ = {
			isa = PBXGroup;
			children = (
			);
			name = Controller;
			sourceTree = "<group>";
		};
/* End PBXGroup section */

/* Begin PBXNativeTarget section */
		A6707D871E326AAD00974622 /* MashList */ = {
			isa = PBXNativeTarget;
			buildConfigurationList = A6707D9A1E326AAE00974622 /* Build configuration list for PBXNativeTarget "MashList" */;
			buildPhases = (
				A6707D841E326AAD00974622 /* Sources */,
				A6707D851E326AAD00974622 /* Frameworks */,
				A6707D861E326AAD00974622 /* Resources */,
			);
			buildRules = (
			);
			dependencies = (
			);
			name = MashList;
			productName = MashList;
			productReference = A6707D881E326AAD00974622 /* MashList.app */;
			productType = "com.apple.product-type.application";
		};
/* End PBXNativeTarget section */

/* Begin PBXProject section */
		A6707D801E326AAD00974622 /* Project object */ = {
			isa = PBXProject;
			attributes = {
				LastSwiftUpdateCheck = 0820;
				LastUpgradeCheck = 0820;
				ORGANIZATIONNAME = MashBin;
				TargetAttributes = {
					A6707D871E326AAD00974622 = {
						CreatedOnToolsVersion = 8.2.1;
						DevelopmentTeam = KUSD7MWQL4;
						ProvisioningStyle = Automatic;
					};
				};
			};
			buildConfigurationList = A6707D831E326AAD00974622 /* Build configuration list for PBXProject "MashList" */;
			compatibilityVersion = "Xcode 3.2";
			developmentRegion = English;
			hasScannedForEncodings = 0;
			knownRegions = (
				en,
				Base,
			);
			mainGroup = A6707D7F1E326AAD00974622;
			productRefGroup = A6707D891E326AAD00974622 /* Products */;
			projectDirPath = "";
			projectRoot = "";
			targets = (
				A6707D871E326AAD00974622 /* MashList */,
			);
		};
/* End PBXProject section */

/* Begin PBXResourcesBuildPhase section */
		A6707D861E326AAD00974622 /* Resources */ = {
			isa = PBXResourcesBuildPhase;
			buildActionMask = 2147483647;
			files = (
				A6707D961E326AAE00974622 /* LaunchScreen.storyboard in Resources */,
				A6707D931E326AAE00974622 /* Assets.xcassets in Resources */,
				A6707D911E326AAD00974622 /* Main.storyboard in Resources */,
			);
			runOnlyForDeploymentPostprocessing = 0;
		};
/* End PBXResourcesBuildPhase section */

/* Begin PBXSourcesBuildPhase section */
		A6707D841E326AAD00974622 /* Sources */ = {
			isa = PBXSourcesBuildPhase;
			buildActionMask = 2147483647;
			files = (
				A6707D8E1E326AAD00974622 /* ViewController.swift in Sources */,
				A6707D8C1E326AAD00974622 /* AppDelegate.swift in Sources */,
			);
			runOnlyForDeploymentPostprocessing = 0;
		};
/* End PBXSourcesBuildPhase section */

/* Begin PBXVariantGroup section */
		A6707D8F1E326AAD00974622 /* Main.storyboard */ = {
			isa = PBXVariantGroup;
			children = (
				A6707D901E326AAD00974622 /* Base */,
			);
			name = Main.storyboard;
			sourceTree = "<group>";
		};
		A6707D941E326AAE00974622 /* LaunchScreen.storyboard */ = {
			isa = PBXVariantGroup;
			children = (
				A6707D951E326AAE00974622 /* Base */,
			);
			name = LaunchScreen.storyboard;
			sourceTree = "<group>";
		};
/* End PBXVariantGroup section */

/* Begin XCBuildConfiguration section */
		A6707D981E326AAE00974622 /* Debug */ = {
			isa = XCBuildConfiguration;
			buildSettings = {
				ALWAYS_SEARCH_USER_PATHS = NO;
				CLANG_ANALYZER_NONNULL = YES;
				CLANG_CXX_LANGUAGE_STANDARD = "gnu++0x";
				CLANG_CXX_LIBRARY = "libc++";
				CLANG_ENABLE_MODULES = YES;
				CLANG_ENABLE_OBJC_ARC = YES;
				CLANG_WARN_BOOL_CONVERSION = YES;
				CLANG_WARN_CONSTANT_CONVERSION = YES;
				CLANG_WARN_DIRECT_OBJC_ISA_USAGE = YES_ERROR;
				CLANG_WARN_DOCUMENTATION_COMMENTS = YES;
				CLANG_WARN_EMPTY_BODY = YES;
				CLANG_WARN_ENUM_CONVERSION = YES;
				CLANG_WARN_INFINITE_RECURSION = YES;
				CLANG_WARN_INT_CONVERSION = YES;
				CLANG_WARN_OBJC_ROOT_CLASS = YES_ERROR;
				CLANG_WARN_SUSPICIOUS_MOVE = YES;
				CLANG_WARN_UNREACHABLE_CODE = YES;
				CLANG_WARN__DUPLICATE_METHOD_MATCH = YES;
				"CODE_SIGN_IDENTITY[sdk=iphoneos*]" = "iPhone Developer";
				COPY_PHASE_STRIP = NO;
				DEBUG_INFORMATION_FORMAT = dwarf;
				ENABLE_STRICT_OBJC_MSGSEND = YES;
				ENABLE_TESTABILITY = YES;
				GCC_C_LANGUAGE_STANDARD = gnu99;
				GCC_DYNAMIC_NO_PIC = NO;
				GCC_NO_COMMON_BLOCKS = YES;
				GCC_OPTIMIZATION_LEVEL = 0;
				GCC_PREPROCESSOR_DEFINITIONS = (
					"DEBUG=1",
					"$(inherited)",
				);
				GCC_WARN_64_TO_32_BIT_CONVERSION = YES;
				GCC_WARN_ABOUT_RETURN_TYPE = YES_ERROR;
				GCC_WARN_UNDECLARED_SELECTOR = YES;
				GCC_WARN_UNINITIALIZED_AUTOS = YES_AGGRESSIVE;
				GCC_WARN_UNUSED_FUNCTION = YES;
				GCC_WARN_UNUSED_VARIABLE = YES;
				IPHONEOS_DEPLOYMENT_TARGET = 10.2;
				MTL_ENABLE_DEBUG_INFO = YES;
				ONLY_ACTIVE_ARCH = YES;
				SDKROOT = iphoneos;
				SWIFT_ACTIVE_COMPILATION_CONDITIONS = DEBUG;
				SWIFT_OPTIMIZATION_LEVEL = "-Onone";
				TARGETED_DEVICE_FAMILY = "1,2";
			};
			name = Debug;
		};
		A6707D991E326AAE00974622 /* Release */ = {
			isa = XCBuildConfiguration;
			buildSettings = {
				ALWAYS_SEARCH_USER_PATHS = NO;
				CLANG_ANALYZER_NONNULL = YES;
				CLANG_CXX_LANGUAGE_STANDARD = "gnu++0x";
				CLANG_CXX_LIBRARY = "libc++";
				CLANG_ENABLE_MODULES = YES;
				CLANG_ENABLE_OBJC_ARC = YES;
				CLANG_WARN_BOOL_CONVERSION = YES;
				CLANG_WARN_CONSTANT_CONVERSION = YES;
				CLANG_WARN_DIRECT_OBJC_ISA_USAGE = YES_ERROR;
				CLANG_WARN_DOCUMENTATION_COMMENTS = YES;
				CLANG_WARN_EMPTY_BODY = YES;
				CLANG_WARN_ENUM_CONVERSION = YES;
				CLANG_WARN_INFINITE_RECURSION = YES;
				CLANG_WARN_INT_CONVERSION = YES;
				CLANG_WARN_OBJC_ROOT_CLASS = YES_ERROR;
				CLANG_WARN_SUSPICIOUS_MOVE = YES;
				CLANG_WARN_UNREACHABLE_CODE = YES;
				CLANG_WARN__DUPLICATE_METHOD_MATCH = YES;
				"CODE_SIGN_IDENTITY[sdk=iphoneos*]" = "iPhone Developer";
				COPY_PHASE_STRIP = NO;
				DEBUG_INFORMATION_FORMAT = "dwarf-with-dsym";
				ENABLE_NS_ASSERTIONS = NO;
				ENABLE_STRICT_OBJC_MSGSEND = YES;
				GCC_C_LANGUAGE_STANDARD = gnu99;
				GCC_NO_COMMON_BLOCKS = YES;
				GCC_WARN_64_TO_32_BIT_CONVERSION = YES;
				GCC_WARN_ABOUT_RETURN_TYPE = YES_ERROR;
				GCC_WARN_UNDECLARED_SELECTOR = YES;
				GCC_WARN_UNINITIALIZED_AUTOS = YES_AGGRESSIVE;
				GCC_WARN_UNUSED_FUNCTION = YES;
				GCC_WARN_UNUSED_VARIABLE = YES;
				IPHONEOS_DEPLOYMENT_TARGET = 10.2;
				MTL_ENABLE_DEBUG_INFO = NO;
				SDKROOT = iphoneos;
				SWIFT_OPTIMIZATION_LEVEL = "-Owholemodule";
				TARGETED_DEVICE_FAMILY = "1,2";
				VALIDATE_PRODUCT = YES;
			};
			name = Release;
		};
		A6707D9B1E326AAE00974622 /* Debug */ = {
			isa = XCBuildConfiguration;
			buildSettings = {
				ASSETCATALOG_COMPILER_APPICON_NAME = AppIcon;
				DEVELOPMENT_TEAM = KUSD7MWQL4;
				INFOPLIST_FILE = MashList/Info.plist;
				LD_RUNPATH_SEARCH_PATHS = "$(inherited) @executable_path/Frameworks";
				PRODUCT_BUNDLE_IDENTIFIER = com.mashbin.MashList;
				PRODUCT_NAME = "$(TARGET_NAME)";
				SWIFT_VERSION = 3.0;
			};
			name = Debug;
		};
		A6707D9C1E326AAE00974622 /* Release */ = {
			isa = XCBuildConfiguration;
			buildSettings = {
				ASSETCATALOG_COMPILER_APPICON_NAME = AppIcon;
				DEVELOPMENT_TEAM = KUSD7MWQL4;
				INFOPLIST_FILE = MashList/Info.plist;
				LD_RUNPATH_SEARCH_PATHS = "$(inherited) @executable_path/Frameworks";
				PRODUCT_BUNDLE_IDENTIFIER = com.mashbin.MashList;
				PRODUCT_NAME = "$(TARGET_NAME)";
				SWIFT_VERSION = 3.0;
			};
			name = Release;
		};
/* End XCBuildConfiguration section */

/* Begin XCConfigurationList section */
		A6707D831E326AAD00974622 /* Build configuration list for PBXProject "MashList" */ = {
			isa = XCConfigurationList;
			buildConfigurations = (
				A6707D981E326AAE00974622 /* Debug */,
				A6707D991E326AAE00974622 /* Release */,
			);
			defaultConfigurationIsVisible = 0;
			defaultConfigurationName = Release;
		};
		A6707D9A1E326AAE00974622 /* Build configuration list for PBXNativeTarget "MashList" */ = {
			isa = XCConfigurationList;
			buildConfigurations = (
				A6707D9B1E326AAE00974622 /* Debug */,
				A6707D9C1E326AAE00974622 /* Release */,
			);
			defaultConfigurationIsVisible = 0;
		};
/* End XCConfigurationList section */
	};
	rootObject = A6707D801E326AAD00974622 /* Project object */;
}
